
Microsoft Visual Studio Solution File, Format Version 12.00
# Visual Studio Version 17
VisualStudioVersion = 17.14.36414.22 d17.14
MinimumVisualStudioVersion = 10.0.40219.1
Project("{FAE04EC0-301F-11D3-BF4B-00C04F79EFBC}") = "Day05Lab-Model", "Day05Lab-Model\Day05Lab-Model.csproj", "{535478C5-469A-4063-B00A-B88F72A2C079}"
EndProject
Global
	GlobalSection(SolutionConfigurationPlatforms) = preSolution
		Debug|Any CPU = Debug|Any CPU
		Release|Any CPU = Release|Any CPU
	EndGlobalSection
	GlobalSection(ProjectConfigurationPlatforms) = postSolution
		{535478C5-469A-4063-B00A-B88F72A2C079}.Debug|Any CPU.ActiveCfg = Debug|Any CPU
		{535478C5-469A-4063-B00A-B88F72A2C079}.Debug|Any CPU.Build.0 = Debug|Any CPU
		{535478C5-469A-4063-B00A-B88F72A2C079}.Release|Any CPU.ActiveCfg = Release|Any CPU
		{535478C5-469A-4063-B00A-B88F72A2C079}.Release|Any CPU.Build.0 = Release|Any CPU
	EndGlobalSection
	GlobalSection(SolutionProperties) = preSolution
		HideSolutionNode = FALSE
	EndGlobalSection
	GlobalSection(ExtensibilityGlobals) = postSolution
		SolutionGuid = {1E143B17-0A21-4C0B-A05A-669670CCFD1C}
	EndGlobalSection
EndGlobal
